
Microsoft Visual Studio Solution File, Format Version 12.00
# Visual Studio 14
VisualStudioVersion = 14.0.22609.0
MinimumVisualStudioVersion = 10.0.40219.1
Project("{2150E333-8FDC-42A3-9474-1A3956D46DE8}") = "Solution Items", "Solution Items", "{EAF4E1D2-B63A-4ECB-979D-3B01BB8D89DB}"
EndProject
Project("{8BC9CEB8-8B4A-11D0-8D11-00A0C91BC942}") = "Pilot", "Pilot\Pilot.vcxproj", "{4BC47792-8947-4D40-A64C-8E9BB1C55727}"
EndProject
Global
	GlobalSection(SolutionConfigurationPlatforms) = preSolution
		Debug|x86 = Debug|x86
		Release|x86 = Release|x86
	EndGlobalSection
	GlobalSection(ProjectConfigurationPlatforms) = postSolution
		{4BC47792-8947-4D40-A64C-8E9BB1C55727}.Debug|x86.ActiveCfg = Debug|Win32
		{4BC47792-8947-4D40-A64C-8E9BB1C55727}.Debug|x86.Build.0 = Debug|Win32
		{4BC47792-8947-4D40-A64C-8E9BB1C55727}.Release|x86.ActiveCfg = Release|Win32
		{4BC47792-8947-4D40-A64C-8E9BB1C55727}.Release|x86.Build.0 = Release|Win32
	EndGlobalSection
	GlobalSection(SolutionProperties) = preSolution
		HideSolutionNode = FALSE
	EndGlobalSection
EndGlobal
